# THIS IS AN AUTOGENERATED FILE. DO NOT EDIT THIS FILE DIRECTLY.
# yarn lockfile v1


expo-document-picker@^11.0.1:
  version "11.0.1"
  resolved "https://registry.yarnpkg.com/expo-document-picker/-/expo-document-picker-11.0.1.tgz#1655e1cfacc20fe70ba81e310365048804bcf803"
  integrity sha512-mLpk5a6yP/wK8DfGMQj9YoPlxiK87Vhxo6S+NnQgKCove8z+cJdkjEcXCpSsH6LXe1HJBDFt5LkwjhSff7bhMg==
  dependencies:
    uuid "^3.3.2"

expo-image-loader@~4.0.0:
  version "4.0.0"
  resolved "https://registry.yarnpkg.com/expo-image-loader/-/expo-image-loader-4.0.0.tgz#a17e5f95a4c1671791168dd5dfc221bf2f88480c"
  integrity sha512-hVMhXagsO1cSng5s70IEjuJAuHy2hX/inu5MM3T0ecJMf7L/7detKf22molQBRymerbk6Tzu+20h11eU0n/3jQ==

expo-image-picker@^14.1.0:
  version "14.1.0"
  resolved "https://registry.yarnpkg.com/expo-image-picker/-/expo-image-picker-14.1.0.tgz#a88c91f88bbb506ff7ef26f41504f2350978a73f"
  integrity sha512-YVkzkStaapaWiBBwqMpTCiyohgHkj7s3OoICZ9XWxp4Zgs7STYkHqlJd6RDx0/qW8UkhakNuPedw7wurPoRsOQ==
  dependencies:
    expo-image-loader "~4.0.0"

uuid@^3.3.2:
  version "3.4.0"
  resolved "https://registry.yarnpkg.com/uuid/-/uuid-3.4.0.tgz#b23e4358afa8a202fe7a100af1f5f883f02007ee"
  integrity sha512-HjSDRw6gZE5JMggctHBcjVak08+KEVhSIiDzFnT9S9aegmp85S/bReBVTb4QTFaRNptJ9kuYaNhnbNEOkbKb/A==
